
Microsoft Visual Studio Solution File, Format Version 12.00
# Visual Studio 15
VisualStudioVersion = 15.0.26730.16
MinimumVisualStudioVersion = 10.0.40219.1
Project("{FAE04EC0-301F-11D3-BF4B-00C04F79EFBC}") = "PharmDB", "PharmDB\PharmDB.csproj", "{770E73FA-55CD-40DB-A54A-E6B6087F44EC}"
EndProject
Project("{00D1A9C2-B5F0-4AF3-8072-F6C62B433612}") = "DatabasePharmDB", "Database\DatabasePharmDB.sqlproj", "{1A64133C-857A-4B02-9374-C988BDEE379A}"
EndProject
Global
	GlobalSection(SolutionConfigurationPlatforms) = preSolution
		Debug|Any CPU = Debug|Any CPU
		Release|Any CPU = Release|Any CPU
	EndGlobalSection
	GlobalSection(ProjectConfigurationPlatforms) = postSolution
		{770E73FA-55CD-40DB-A54A-E6B6087F44EC}.Debug|Any CPU.ActiveCfg = Debug|Any CPU
		{770E73FA-55CD-40DB-A54A-E6B6087F44EC}.Debug|Any CPU.Build.0 = Debug|Any CPU
		{770E73FA-55CD-40DB-A54A-E6B6087F44EC}.Release|Any CPU.ActiveCfg = Release|Any CPU
		{770E73FA-55CD-40DB-A54A-E6B6087F44EC}.Release|Any CPU.Build.0 = Release|Any CPU
		{1A64133C-857A-4B02-9374-C988BDEE379A}.Debug|Any CPU.ActiveCfg = Debug|Any CPU
		{1A64133C-857A-4B02-9374-C988BDEE379A}.Debug|Any CPU.Build.0 = Debug|Any CPU
		{1A64133C-857A-4B02-9374-C988BDEE379A}.Debug|Any CPU.Deploy.0 = Debug|Any CPU
		{1A64133C-857A-4B02-9374-C988BDEE379A}.Release|Any CPU.ActiveCfg = Release|Any CPU
		{1A64133C-857A-4B02-9374-C988BDEE379A}.Release|Any CPU.Build.0 = Release|Any CPU
		{1A64133C-857A-4B02-9374-C988BDEE379A}.Release|Any CPU.Deploy.0 = Release|Any CPU
	EndGlobalSection
	GlobalSection(SolutionProperties) = preSolution
		HideSolutionNode = FALSE
	EndGlobalSection
	GlobalSection(ExtensibilityGlobals) = postSolution
		SolutionGuid = {A858CA9C-6461-461B-AD5D-A638BF5B3BBE}
	EndGlobalSection
EndGlobal
